# This file was autogenerated by uv via the following command:
#    uv pip compile requirements.in --generate-hashes --no-emit-package numpy --no-emit-package scipy --no-emit-package matplotlib --no-emit-package pandas -o /tmp/requirements.lock.v3
absl-py==2.4.0 \
    --hash=sha256:88476fd881ca8aab94ffa78b7b6c632a782ab3ba1cd19c9bd423abc4fb4cd28d \
    --hash=sha256:8c6af82722b35cf71e0f4d1d47dcaebfff286e27110a99fc359349b247dfb5d4
    # via mujoco
cython==3.2.4 \
    --hash=sha256:02cb0cc0f23b9874ad262d7d2b9560aed9c7e2df07b49b920bda6f2cc9cb505e \
    --hash=sha256:03893c88299a2c868bb741ba6513357acd104e7c42265809fd58dce1456a36fc \
    --hash=sha256:14dae483ca2838b287085ff98bc206abd7a597b7bb16939a092f8e84d9062842 \
    --hash=sha256:1a64a112a34ec719b47c01395647e54fb4cf088a511613f9a3a5196694e8e382 \
    --hash=sha256:28b1e363b024c4b8dcf52ff68125e635cb9cb4b0ba997d628f25e32543a71103 \
    --hash=sha256:28e8075087a59756f2d059273184b8b639fe0f16cf17470bd91c39921bc154e0 \
    --hash=sha256:2b1f12c0e4798293d2754e73cd6f35fa5bbdf072bdc14bc6fc442c059ef2d290 \
    --hash=sha256:31a90b4a2c47bb6d56baeb926948348ec968e932c1ae2c53239164e3e8880ccf \
    --hash=sha256:35ab0632186057406ec729374c737c37051d2eacad9d515d94e5a3b3e58a9b02 \
    --hash=sha256:36bf3f5eb56d5281aafabecbaa6ed288bc11db87547bba4e1e52943ae6961ccf \
    --hash=sha256:3b6e58f73a69230218d5381817850ce6d0da5bb7e87eb7d528c7027cbba40b06 \
    --hash=sha256:3b8e62049afef9da931d55de82d8f46c9a147313b69d5ff6af6e9121d545ce7a \
    --hash=sha256:55b6c44cd30821f0b25220ceba6fe636ede48981d2a41b9bbfe3c7902ce44ea7 \
    --hash=sha256:55eb425c0baf1c8a46aa4424bc35b709db22f3c8a1de33adb3ecb8a3d54ea42a \
    --hash=sha256:64d7f71be3dd6d6d4a4c575bb3a4674ea06d1e1e5e4cd1b9882a2bc40ed3c4c9 \
    --hash=sha256:67922c9de058a0bfb72d2e75222c52d09395614108c68a76d9800f150296ddb3 \
    --hash=sha256:6d5267f22b6451eb1e2e1b88f6f78a2c9c8733a6ddefd4520d3968d26b824581 \
    --hash=sha256:72e6c0bbd978e2678b45351395f6825b9b8466095402eae293f4f7a73e9a3e85 \
    --hash=sha256:732fc93bc33ae4b14f6afaca663b916c2fdd5dcbfad7114e17fb2434eeaea45c \
    --hash=sha256:767b143704bdd08a563153448955935844e53b852e54afdc552b43902ed1e235 \
    --hash=sha256:83266c356c13c68ffe658b4905279c993d8a5337bb0160fa90c8a3e297ea9a2e \
    --hash=sha256:84226ecd313b233da27dc2eb3601b4f222b8209c3a7216d8733b031da1dc64e6 \
    --hash=sha256:869487ea41d004f8b92171f42271fbfadb1ec03bede3158705d16cd570d6b891 \
    --hash=sha256:90f43be4eaa6afd58ce20d970bb1657a3627c44e1760630b82aa256ba74b4acb \
    --hash=sha256:983f9d2bb8a896e16fa68f2b37866ded35fa980195eefe62f764ddc5f9f5ef8e \
    --hash=sha256:b362819d155fff1482575e804e43e3a8825332d32baa15245f4642022664a3f4 \
    --hash=sha256:b84d4e3c875915545f77c88dba65ad3741afd2431e5cdee6c9a20cefe6905647 \
    --hash=sha256:ca2399dc75796b785f74fb85c938254fa10c80272004d573c455f9123eceed86 \
    --hash=sha256:ca578c9cb872c7ecffbe14815dc4590a003bc13339e90b2633540c7e1a252839 \
    --hash=sha256:d4b4fd5332ab093131fa6172e8362f16adef3eac3179fd24bbdc392531cb82fa \
    --hash=sha256:e3b5ac54e95f034bc7fb07313996d27cbf71abc17b229b186c1540942d2dc28e \
    --hash=sha256:e65e4773021f8dc8532010b4fbebe782c77f9a0817e93886e518c93bd6a44e9d \
    --hash=sha256:e71efb20048358a6b8ec604a0532961c50c067b5e63e345e2e359fff72feaee8 \
    --hash=sha256:f136f379a4a54246facd0eb6f1ee15c3837cb314ce87b677582ec014db4c6845 \
    --hash=sha256:f583cad7a7eed109f0babb5035e92d0c1260598f53add626a8568b57246b62c3 \
    --hash=sha256:f81eda419b5ada7b197bbc3c5f4494090e3884521ffd75a3876c93fbf66c9ca8 \
    --hash=sha256:f8d685a70bce39acc1d62ec3916d9b724b5ef665b0ce25ae55e1c85ee09747fc \
    --hash=sha256:fdfdd753ad7e18e5092b413e9f542e8d28b8a08203126090e1c15f7783b7fe57 \
    --hash=sha256:ff9af2134c05e3734064808db95b4dd7341a39af06e8945d05ea358e1741aaed
    # via -r requirements.in
etils==1.14.0 \
    --hash=sha256:8136e7f4c4173cd0af0ca5481c4475152f0b8686192951eefa60ee8711e1ede4 \
    --hash=sha256:b5df7341f54dbe1405a4450b2741207b4a8c279780402b45f87202b94dfc52b4
    # via mujoco
fsspec==2026.4.0 \
    --hash=sha256:11ef7bb35dab8a394fde6e608221d5cf3e8499401c249bebaeaad760a1a8dec2 \
    --hash=sha256:301d8ac70ae90ef3ad05dcf94d6c3754a097f9b5fe4667d2787aa359ec7df7e4
    # via etils
glfw==2.10.0 \
    --hash=sha256:23936202a107039b5372f0b88ae1d11080746aa1c78910a45d4a0c4cf408cfaa \
    --hash=sha256:27c9e9a2d5e1dc3c9e3996171d844d9df9a5a101e797cb94cce217b7afcf8fd9 \
    --hash=sha256:2aab89d2d9535635ba011fc7303390685169a1aa6731ad580d08d043524b8899 \
    --hash=sha256:312c4c1dd5509613ed6bc1e95a8dbb75a36b6dcc4120f50dc3892b40172e9053 \
    --hash=sha256:44d98de5dbf8f727e0cb29f9b29d29528ea7570f2e6f42f8430a69df05f12b48 \
    --hash=sha256:5328db1a92d07abd988730517ec02aa8390d3e6ef7ce98c8b57ecba2f43a39ba \
    --hash=sha256:59c53387dc08c62e8bed86bbe3a8d53ab1b27161281ffa0e7f27b64284e2627c \
    --hash=sha256:5e024509989740e8e7b86cc4aab508195495f79879072b0e1f68bd036a2916ad \
    --hash=sha256:5f365a8c94bcea71ec91327e7c16e7cf739128479a18b8c1241b004b40acc412 \
    --hash=sha256:6292d5d6634d668cd23d337e6089491d3945a9aa4ac6e1667b0003520d7caa51 \
    --hash=sha256:68cf3752bdadb6f4bc0a876247c28c88c7251ac39f8af076ed938fdfd71e72dd \
    --hash=sha256:6c9549da71b93e367b4d71438798daae1da2592039fd14204a80a1a2348ae127 \
    --hash=sha256:7916034efa867927892635733a3b6af8cd95ceb10566fd7f1e0d2763c2ee8b12 \
    --hash=sha256:7be06d0838f61df67bd54cb6266a6193d54083acb3624ff3c3812a6358406fa4 \
    --hash=sha256:7f787ee8645781f10e8800438ce4357ab38c573ffb191aba380c1e72eba6311c \
    --hash=sha256:801e55d8581b34df9aa2cfea43feb06ff617576e2a8cc5dac23ee75b26d10abe \
    --hash=sha256:823c0bd7770977d4b10e0ed0aef2f3682276b7c88b8b65cfc540afce5951392f \
    --hash=sha256:91d36b3582a766512eff8e3b5dcc2d3ffcbf10b7cf448551085a08a10f1b8244 \
    --hash=sha256:a0d1f29f206219cc291edfb6cace663a86da2470632551c998e3db82d48ea177 \
    --hash=sha256:c6f292fdaf3f9a99e598ede6582d21c523a6f51f8f5e66213849101a6bcdc699 \
    --hash=sha256:cca5158d62189e08792b1ae54f92307a282921a0e7783315b467e21b0a381c88 \
    --hash=sha256:ce6724bb7cb3d0543dcba17206dce909f94176e68220b8eafee72e9f92bcf542 \
    --hash=sha256:d28d6f3ef217e64e35dc6fd0a7acb4cec9bfe7cd14dd9b35a7228a87002de154 \
    --hash=sha256:f968b522bb6a0e04aaf4dcac30a476d7229308bb2bac406a60587debb5a61e29 \
    --hash=sha256:fca724a21a372731edb290841edd28a9fb1ee490f833392752844ac807c0086a
    # via mujoco
mujoco==3.7.0 \
    --hash=sha256:17b1f75da7775ccd3589af8eafdce252f9551c3aa1cabd422124b65aa1bd04f8 \
    --hash=sha256:246f61c885d8ac291a4f3b8e10d1deb3820302ab7a48b1edbf8a3539722841c3 \
    --hash=sha256:3c00c0d00d431af2d3a64fbc38761181437758a60c607f06052afdfe5b1c8358 \
    --hash=sha256:3c93583615272757cb8ae864b2a0e308cfb879aab51ed4e8310e485fdc9a46ad \
    --hash=sha256:4a81480e6dbbdcb5a5f4027c825935d5bcd34e3b9865bb818698701ee089e12f \
    --hash=sha256:50aaa8a3c0eb0206ee368ca8e264450ce6e3350a10f90f65130950ce2401c87a \
    --hash=sha256:52b60fd634885c43c494868a992f696c078402c32b9c7a11bffa0fbf385687a7 \
    --hash=sha256:5a7216abee4fafe4bd6121548cb22dcacdb27f466da2f645bd9cbc404c0a29c9 \
    --hash=sha256:67cae63b4c2c439ebffce7e185a0e129446a636af538dd3ccb5c9cd3f674033c \
    --hash=sha256:70e008a2080156121caa60a7e0736c20b2278108cb35d1ab732f98e2e7c334f1 \
    --hash=sha256:79730bec1e23a324cf66ccfa93585b5a8d3ba162d813cc0bfa6a42f776079983 \
    --hash=sha256:79f741d93e2b4f315f32e7199ab1b21eb7b7ed82acd9daf7be24382e436f98b7 \
    --hash=sha256:9193b8bc478708f199c2decb7bdeb06a962849f550ac182c35168ac9938ca859 \
    --hash=sha256:9be7355180e46106d22a196f3bcb63d5485b86cc40668f08c1081a854c3c842c \
    --hash=sha256:9ec9b5aff24f2dca58a1a5f52044fa491529c7da5c4e14853e25b644c0653f83 \
    --hash=sha256:b0e31da299ff182d1063f9991ad21c21a8b086593b8dee588d19e910f2e49833 \
    --hash=sha256:c2e375581a6e2c4196b3e260287f5ff59f7f747ce8a9e58f430039e2016befa8 \
    --hash=sha256:d325c5448702a919db5b3d0050fff0af86d47da146d59678722b2112f7b55084 \
    --hash=sha256:dd5977fde292f41dd91eeac4f3f50f78bdf883d52bad567b3983e4c55bfb8c6f \
    --hash=sha256:ea8e71fe1ef8fb5571817549804b7b5872081aad24417071a450cabdb838d196 \
    --hash=sha256:fcf8841936271d03b8f4a89e0ca83d6dd0c4268cfb20543203b2d5eebcf643a3
    # via -r requirements.in
packaging==26.2 \
    --hash=sha256:5fc45236b9446107ff2415ce77c807cee2862cb6fac22b8a73826d0693b0980e \
    --hash=sha256:ff452ff5a3e828ce110190feff1178bb1f2ea2281fa2075aadb987c2fb221661
    # via wheel
pyopengl==3.1.10 \
    --hash=sha256:794a943daced39300879e4e47bd94525280685f42dbb5a998d336cfff151d74f \
    --hash=sha256:c4a02d6866b54eb119c8e9b3fb04fa835a95ab802dd96607ab4cdb0012df8335
    # via mujoco
ruff==0.7.4 \
    --hash=sha256:00b4cf3a6b5fad6d1a66e7574d78956bbd09abfd6c8a997798f01f5da3d46a05 \
    --hash=sha256:0d06218747d361d06fd2fdac734e7fa92df36df93035db3dc2ad7aa9852cb109 \
    --hash=sha256:0e92dfb5f00eaedb1501b2f906ccabfd67b2355bdf117fea9719fc99ac2145bc \
    --hash=sha256:11bff065102c3ae9d3ea4dc9ecdfe5a5171349cdd0787c1fc64761212fc9cf1f \
    --hash=sha256:2e32829c429dd081ee5ba39aef436603e5b22335c3d3fff013cd585806a6486a \
    --hash=sha256:3bd726099f277d735dc38900b6a8d6cf070f80828877941983a57bca1cd92172 \
    --hash=sha256:63a569b36bc66fbadec5beaa539dd81e0527cb258b94e29e0531ce41bacc1f20 \
    --hash=sha256:662a63b4971807623f6f90c1fb664613f67cc182dc4d991471c23c541fee62dd \
    --hash=sha256:745775c7b39f914238ed1f1b0bebed0b9155a17cd8bc0b08d3c87e4703b990d6 \
    --hash=sha256:75c53f54904be42dd52a548728a5b572344b50d9b2873d13a3f8c5e3b91f5cac \
    --hash=sha256:7dbdc7d8274e1422722933d1edddfdc65b4336abf0b16dfcb9dedd6e6a517d06 \
    --hash=sha256:80094ecd4793c68b2571b128f91754d60f692d64bc0d7272ec9197fdd09bf9ea \
    --hash=sha256:876f5e09eaae3eb76814c1d3b68879891d6fde4824c015d48e7a7da4cf066a3a \
    --hash=sha256:997512325c6620d1c4c2b15db49ef59543ef9cd0f4aa8065ec2ae5103cedc7e7 \
    --hash=sha256:a4919925e7684a3f18e18243cd6bea7cfb8e968a6eaa8437971f681b7ec51478 \
    --hash=sha256:cd12e35031f5af6b9b93715d8c4f40360070b2041f81273d0527683d5708fce2 \
    --hash=sha256:cfb365c135b830778dda8c04fb7d4280ed0b984e1aec27f574445231e20d6c63 \
    --hash=sha256:e0cea28d0944f74ebc33e9f934238f15c758841f9f5edd180b5315c203293452
    # via -r requirements.in
setuptools==79.0.1 \
    --hash=sha256:128ce7b8f33c3079fd1b067ecbb4051a66e8526e7b65f6cec075dfc650ddfa88 \
    --hash=sha256:e147c0549f27767ba362f9da434eab9c5dc0045d5304feb602a0af001089fc51
    # via -r requirements.in
typing-extensions==4.15.0 \
    --hash=sha256:0cea48d173cc12fa28ecabc3b837ea3cf6f38c6d1136f85cbaaf598984861466 \
    --hash=sha256:f0fa19c6845758ab08074a0cfa8b7aecb71c999ca73d62883bc25cc018c4e548
    # via etils
wheel==0.47.0 \
    --hash=sha256:212281cab4dff978f6cedd499cd893e1f620791ca6ff7107cf270781e587eced \
    --hash=sha256:cc72bd1009ba0cf63922e28f94d9d83b920aa2bb28f798a31d0691b02fa3c9b3
    # via -r requirements.in
zipp==3.23.1 \
    --hash=sha256:0b3596c50a5c700c9cb40ba8d86d9f2cc4807e9bedb06bcdf7fac85633e444dc \
    --hash=sha256:32120e378d32cd9714ad503c1d024619063ec28aad2248dc6672ad13edfa5110
    # via etils

# The following packages were excluded from the output:
# numpy
